
Microsoft Visual Studio Solution File, Format Version 12.00
# Visual Studio Version 17
VisualStudioVersion = 17.6.33723.286
MinimumVisualStudioVersion = 10.0.40219.1
Project("{FAE04EC0-301F-11D3-BF4B-00C04F79EFBC}") = "ChaosRadio", "ChaosRadio\ChaosRadio.csproj", "{1C8B8590-DB00-4650-A632-F027B0DCD594}"
EndProject
Global
	GlobalSection(SolutionConfigurationPlatforms) = preSolution
		Debug|Any CPU = Debug|Any CPU
		Release|Any CPU = Release|Any CPU
	EndGlobalSection
	GlobalSection(ProjectConfigurationPlatforms) = postSolution
		{1C8B8590-DB00-4650-A632-F027B0DCD594}.Debug|Any CPU.ActiveCfg = Debug|Any CPU
		{1C8B8590-DB00-4650-A632-F027B0DCD594}.Debug|Any CPU.Build.0 = Debug|Any CPU
		{1C8B8590-DB00-4650-A632-F027B0DCD594}.Release|Any CPU.ActiveCfg = Release|Any CPU
		{1C8B8590-DB00-4650-A632-F027B0DCD594}.Release|Any CPU.Build.0 = Release|Any CPU
	EndGlobalSection
	GlobalSection(SolutionProperties) = preSolution
		HideSolutionNode = FALSE
	EndGlobalSection
	GlobalSection(ExtensibilityGlobals) = postSolution
		SolutionGuid = {AB0E50AE-CDCC-40BF-B60B-D0A0EC8D882B}
	EndGlobalSection
EndGlobal
